// !$*UTF8*$!
{
	archiveVersion = 1;
	classes = {
	};
	objectVersion = 55;
	objects = {

/* Begin PBXBuildFile section */
		5B18A4A027A452BC004A2CD0 /* Player.swift in Sources */ = {isa = PBXBuildFile; fileRef = 5B18A49F27A452BC004A2CD0 /* Player.swift */; };
		5B18A4A227A48929004A2CD0 /* Pan.swift in Sources */ = {isa = PBXBuildFile; fileRef = 5B18A4A127A48929004A2CD0 /* Pan.swift */; };
		5B18A4A427A48984004A2CD0 /* Spawner.swift in Sources */ = {isa = PBXBuildFile; fileRef = 5B18A4A327A48984004A2CD0 /* Spawner.swift */; };
		5B18A4AB27A4A8DE004A2CD0 /* Background.swift in Sources */ = {isa = PBXBuildFile; fileRef = 5B18A4AA27A4A8DE004A2CD0 /* Background.swift */; };
		5B3BD69827AC520A0061E4B6 /* ScoreReviewLabel.swift in Sources */ = {isa = PBXBuildFile; fileRef = 5B3BD69727AC520A0061E4B6 /* ScoreReviewLabel.swift */; };
		5B3BD69D27AC550F0061E4B6 /* PlayerData.swift in Sources */ = {isa = PBXBuildFile; fileRef = 5B3BD69C27AC550F0061E4B6 /* PlayerData.swift */; };
		5B3BD6A027AC5B670061E4B6 /* GameKit.framework in Frameworks */ = {isa = PBXBuildFile; fileRef = 5B3BD69F27AC5B670061E4B6 /* GameKit.framework */; };
		5B3BD6A327AC5BC70061E4B6 /* LeaderboardViewController.swift in Sources */ = {isa = PBXBuildFile; fileRef = 5B3BD6A227AC5BC70061E4B6 /* LeaderboardViewController.swift */; };
		5B3BD6A627AC5C390061E4B6 /* LeaderboardView.swift in Sources */ = {isa = PBXBuildFile; fileRef = 5B3BD6A527AC5C390061E4B6 /* LeaderboardView.swift */; };
		5B3BD6A827AC80710061E4B6 /* ShopView.swift in Sources */ = {isa = PBXBuildFile; fileRef = 5B3BD6A727AC80710061E4B6 /* ShopView.swift */; };
		5B3BD6AA27AC80850061E4B6 /* SettingsView.swift in Sources */ = {isa = PBXBuildFile; fileRef = 5B3BD6A927AC80850061E4B6 /* SettingsView.swift */; };
		5B50322827B3081200E7E4F4 /* BackgroundView.swift in Sources */ = {isa = PBXBuildFile; fileRef = 5B50322727B3081200E7E4F4 /* BackgroundView.swift */; };
		5B50322A27B30C4100E7E4F4 /* ShopTabButton.swift in Sources */ = {isa = PBXBuildFile; fileRef = 5B50322927B30C4100E7E4F4 /* ShopTabButton.swift */; };
		5B50322D27B30CB300E7E4F4 /* RoundedCornerModifier.swift in Sources */ = {isa = PBXBuildFile; fileRef = 5B50322C27B30CB300E7E4F4 /* RoundedCornerModifier.swift */; };
		5B50322F27B311F700E7E4F4 /* ShopEggCard.swift in Sources */ = {isa = PBXBuildFile; fileRef = 5B50322E27B311F700E7E4F4 /* ShopEggCard.swift */; };
		5B50323127B312D100E7E4F4 /* CosmeticsBank.swift in Sources */ = {isa = PBXBuildFile; fileRef = 5B50323027B312D100E7E4F4 /* CosmeticsBank.swift */; };
		5B50323327B32DE400E7E4F4 /* EggModel.swift in Sources */ = {isa = PBXBuildFile; fileRef = 5B50323227B32DE400E7E4F4 /* EggModel.swift */; };
		5B50323527B32DFC00E7E4F4 /* PowerUpModel.swift in Sources */ = {isa = PBXBuildFile; fileRef = 5B50323427B32DFC00E7E4F4 /* PowerUpModel.swift */; };
		5B50323727B32E0E00E7E4F4 /* BackgroundModel.swift in Sources */ = {isa = PBXBuildFile; fileRef = 5B50323627B32E0E00E7E4F4 /* BackgroundModel.swift */; };
		5B50323927B411E200E7E4F4 /* ShopManager.swift in Sources */ = {isa = PBXBuildFile; fileRef = 5B50323827B411E200E7E4F4 /* ShopManager.swift */; };
		5B50323B27B420A100E7E4F4 /* BackgroundCard.swift in Sources */ = {isa = PBXBuildFile; fileRef = 5B50323A27B420A100E7E4F4 /* BackgroundCard.swift */; };
		5B50323E27B43B6C00E7E4F4 /* PowerUpCard.swift in Sources */ = {isa = PBXBuildFile; fileRef = 5B50323D27B43B6C00E7E4F4 /* PowerUpCard.swift */; };
		5B5CD62227AACD7600B74A7C /* GameManager.swift in Sources */ = {isa = PBXBuildFile; fileRef = 5B5CD62127AACD7600B74A7C /* GameManager.swift */; };
		5B5CD62727AB24F400B74A7C /* UserDefaultsWrapper.swift in Sources */ = {isa = PBXBuildFile; fileRef = 5B5CD62627AB24F400B74A7C /* UserDefaultsWrapper.swift */; };
		5BBCD6CC27A3328300A743A7 /* Slap_the_eggApp.swift in Sources */ = {isa = PBXBuildFile; fileRef = 5BBCD6CB27A3328300A743A7 /* Slap_the_eggApp.swift */; };
		5BBCD6CE27A3328300A743A7 /* ContentView.swift in Sources */ = {isa = PBXBuildFile; fileRef = 5BBCD6CD27A3328300A743A7 /* ContentView.swift */; };
		5BBCD6D027A3328400A743A7 /* Assets.xcassets in Resources */ = {isa = PBXBuildFile; fileRef = 5BBCD6CF27A3328400A743A7 /* Assets.xcassets */; };
		5BBCD6D327A3328400A743A7 /* Preview Assets.xcassets in Resources */ = {isa = PBXBuildFile; fileRef = 5BBCD6D227A3328400A743A7 /* Preview Assets.xcassets */; };
		5BBCD6DC27A3336500A743A7 /* GameScene.swift in Sources */ = {isa = PBXBuildFile; fileRef = 5BBCD6DB27A3336500A743A7 /* GameScene.swift */; };
		5BBCD70627A3399300A743A7 /* GameScene.sks in Resources */ = {isa = PBXBuildFile; fileRef = 5BBCD70527A3399300A743A7 /* GameScene.sks */; };
		5BEC960627A9D1F800B9CEDF /* Bangers-Regular.ttf in Resources */ = {isa = PBXBuildFile; fileRef = 5BEC960527A9D1F800B9CEDF /* Bangers-Regular.ttf */; };
		EC5F699A27B439B5001BC98C /* SoundManager.swift in Sources */ = {isa = PBXBuildFile; fileRef = EC5F699927B439B5001BC98C /* SoundManager.swift */; };
		EC5F699F27B5864D001BC98C /* faceSlap.mp3 in Resources */ = {isa = PBXBuildFile; fileRef = EC5F699E27B5864D001BC98C /* faceSlap.mp3 */; };
		EC5F69A127B58672001BC98C /* mouthPop.mp3 in Resources */ = {isa = PBXBuildFile; fileRef = EC5F69A027B58672001BC98C /* mouthPop.mp3 */; };
		EC5F69A327B58EDC001BC98C /* eggCrush.mp3 in Resources */ = {isa = PBXBuildFile; fileRef = EC5F69A227B58EDC001BC98C /* eggCrush.mp3 */; };
		EC5F69A527B58F03001BC98C /* frying.mp3 in Resources */ = {isa = PBXBuildFile; fileRef = EC5F69A427B58F03001BC98C /* frying.mp3 */; };
		ECDE210D27AAF8810091AAF1 /* ScoreLabel.swift in Sources */ = {isa = PBXBuildFile; fileRef = ECDE210C27AAF8810091AAF1 /* ScoreLabel.swift */; };
		ECDE210F27AB093E0091AAF1 /* EggShellLabel.swift in Sources */ = {isa = PBXBuildFile; fileRef = ECDE210E27AB093E0091AAF1 /* EggShellLabel.swift */; };
		ECDE211127AB0EFD0091AAF1 /* MenuLabel.swift in Sources */ = {isa = PBXBuildFile; fileRef = ECDE211027AB0EFD0091AAF1 /* MenuLabel.swift */; };
		ECF2CB4B27B59D64006F6439 /* HapticManager.swift in Sources */ = {isa = PBXBuildFile; fileRef = ECF2CB4A27B59D64006F6439 /* HapticManager.swift */; };
/* End PBXBuildFile section */

/* Begin PBXFileReference section */
		5B18A49F27A452BC004A2CD0 /* Player.swift */ = {isa = PBXFileReference; lastKnownFileType = sourcecode.swift; path = Player.swift; sourceTree = "<group>"; };
		5B18A4A127A48929004A2CD0 /* Pan.swift */ = {isa = PBXFileReference; lastKnownFileType = sourcecode.swift; path = Pan.swift; sourceTree = "<group>"; };
		5B18A4A327A48984004A2CD0 /* Spawner.swift */ = {isa = PBXFileReference; lastKnownFileType = sourcecode.swift; path = Spawner.swift; sourceTree = "<group>"; };
		5B18A4AA27A4A8DE004A2CD0 /* Background.swift */ = {isa = PBXFileReference; lastKnownFileType = sourcecode.swift; path = Background.swift; sourceTree = "<group>"; };
		5B3BD69727AC520A0061E4B6 /* ScoreReviewLabel.swift */ = {isa = PBXFileReference; lastKnownFileType = sourcecode.swift; path = ScoreReviewLabel.swift; sourceTree = "<group>"; };
		5B3BD69C27AC550F0061E4B6 /* PlayerData.swift */ = {isa = PBXFileReference; lastKnownFileType = sourcecode.swift; path = PlayerData.swift; sourceTree = "<group>"; };
		5B3BD69F27AC5B670061E4B6 /* GameKit.framework */ = {isa = PBXFileReference; lastKnownFileType = wrapper.framework; name = GameKit.framework; path = System/Library/Frameworks/GameKit.framework; sourceTree = SDKROOT; };
		5B3BD6A227AC5BC70061E4B6 /* LeaderboardViewController.swift */ = {isa = PBXFileReference; lastKnownFileType = sourcecode.swift; path = LeaderboardViewController.swift; sourceTree = "<group>"; };
		5B3BD6A527AC5C390061E4B6 /* LeaderboardView.swift */ = {isa = PBXFileReference; lastKnownFileType = sourcecode.swift; path = LeaderboardView.swift; sourceTree = "<group>"; };
		5B3BD6A727AC80710061E4B6 /* ShopView.swift */ = {isa = PBXFileReference; lastKnownFileType = sourcecode.swift; path = ShopView.swift; sourceTree = "<group>"; };
		5B3BD6A927AC80850061E4B6 /* SettingsView.swift */ = {isa = PBXFileReference; lastKnownFileType = sourcecode.swift; path = SettingsView.swift; sourceTree = "<group>"; };
		5B50322727B3081200E7E4F4 /* BackgroundView.swift */ = {isa = PBXFileReference; lastKnownFileType = sourcecode.swift; path = BackgroundView.swift; sourceTree = "<group>"; };
		5B50322927B30C4100E7E4F4 /* ShopTabButton.swift */ = {isa = PBXFileReference; lastKnownFileType = sourcecode.swift; path = ShopTabButton.swift; sourceTree = "<group>"; };
		5B50322C27B30CB300E7E4F4 /* RoundedCornerModifier.swift */ = {isa = PBXFileReference; lastKnownFileType = sourcecode.swift; path = RoundedCornerModifier.swift; sourceTree = "<group>"; };
		5B50322E27B311F700E7E4F4 /* ShopEggCard.swift */ = {isa = PBXFileReference; lastKnownFileType = sourcecode.swift; path = ShopEggCard.swift; sourceTree = "<group>"; };
		5B50323027B312D100E7E4F4 /* CosmeticsBank.swift */ = {isa = PBXFileReference; lastKnownFileType = sourcecode.swift; path = CosmeticsBank.swift; sourceTree = "<group>"; };
		5B50323227B32DE400E7E4F4 /* EggModel.swift */ = {isa = PBXFileReference; lastKnownFileType = sourcecode.swift; path = EggModel.swift; sourceTree = "<group>"; };
		5B50323427B32DFC00E7E4F4 /* PowerUpModel.swift */ = {isa = PBXFileReference; lastKnownFileType = sourcecode.swift; path = PowerUpModel.swift; sourceTree = "<group>"; };
		5B50323627B32E0E00E7E4F4 /* BackgroundModel.swift */ = {isa = PBXFileReference; lastKnownFileType = sourcecode.swift; path = BackgroundModel.swift; sourceTree = "<group>"; };
		5B50323827B411E200E7E4F4 /* ShopManager.swift */ = {isa = PBXFileReference; lastKnownFileType = sourcecode.swift; path = ShopManager.swift; sourceTree = "<group>"; };
		5B50323A27B420A100E7E4F4 /* BackgroundCard.swift */ = {isa = PBXFileReference; lastKnownFileType = sourcecode.swift; path = BackgroundCard.swift; sourceTree = "<group>"; };
		5B50323D27B43B6C00E7E4F4 /* PowerUpCard.swift */ = {isa = PBXFileReference; lastKnownFileType = sourcecode.swift; path = PowerUpCard.swift; sourceTree = "<group>"; };
		5B5CD62127AACD7600B74A7C /* GameManager.swift */ = {isa = PBXFileReference; lastKnownFileType = sourcecode.swift; path = GameManager.swift; sourceTree = "<group>"; };
		5B5CD62627AB24F400B74A7C /* UserDefaultsWrapper.swift */ = {isa = PBXFileReference; lastKnownFileType = sourcecode.swift; path = UserDefaultsWrapper.swift; sourceTree = "<group>"; };
		5BBCD6C827A3328300A743A7 /* Slap the egg.app */ = {isa = PBXFileReference; explicitFileType = wrapper.application; includeInIndex = 0; path = "Slap the egg.app"; sourceTree = BUILT_PRODUCTS_DIR; };
		5BBCD6CB27A3328300A743A7 /* Slap_the_eggApp.swift */ = {isa = PBXFileReference; lastKnownFileType = sourcecode.swift; path = Slap_the_eggApp.swift; sourceTree = "<group>"; };
		5BBCD6CD27A3328300A743A7 /* ContentView.swift */ = {isa = PBXFileReference; lastKnownFileType = sourcecode.swift; path = ContentView.swift; sourceTree = "<group>"; };
		5BBCD6CF27A3328400A743A7 /* Assets.xcassets */ = {isa = PBXFileReference; lastKnownFileType = folder.assetcatalog; path = Assets.xcassets; sourceTree = "<group>"; };
		5BBCD6D227A3328400A743A7 /* Preview Assets.xcassets */ = {isa = PBXFileReference; lastKnownFileType = folder.assetcatalog; path = "Preview Assets.xcassets"; sourceTree = "<group>"; };
		5BBCD6DB27A3336500A743A7 /* GameScene.swift */ = {isa = PBXFileReference; lastKnownFileType = sourcecode.swift; path = GameScene.swift; sourceTree = "<group>"; };
		5BBCD70527A3399300A743A7 /* GameScene.sks */ = {isa = PBXFileReference; lastKnownFileType = file.sks; path = GameScene.sks; sourceTree = "<group>"; };
		5BEC960427A9D1CC00B9CEDF /* Slap-the-egg-Info.plist */ = {isa = PBXFileReference; lastKnownFileType = text.plist; path = "Slap-the-egg-Info.plist"; sourceTree = SOURCE_ROOT; };
		5BEC960527A9D1F800B9CEDF /* Bangers-Regular.ttf */ = {isa = PBXFileReference; lastKnownFileType = file; path = "Bangers-Regular.ttf"; sourceTree = "<group>"; };
		EC5F699927B439B5001BC98C /* SoundManager.swift */ = {isa = PBXFileReference; lastKnownFileType = sourcecode.swift; path = SoundManager.swift; sourceTree = "<group>"; };
		EC5F699E27B5864D001BC98C /* faceSlap.mp3 */ = {isa = PBXFileReference; lastKnownFileType = audio.mp3; path = faceSlap.mp3; sourceTree = "<group>"; };
		EC5F69A027B58672001BC98C /* mouthPop.mp3 */ = {isa = PBXFileReference; lastKnownFileType = audio.mp3; path = mouthPop.mp3; sourceTree = "<group>"; };
		EC5F69A227B58EDC001BC98C /* eggCrush.mp3 */ = {isa = PBXFileReference; lastKnownFileType = audio.mp3; path = eggCrush.mp3; sourceTree = "<group>"; };
		EC5F69A427B58F03001BC98C /* frying.mp3 */ = {isa = PBXFileReference; lastKnownFileType = audio.mp3; path = frying.mp3; sourceTree = "<group>"; };
		ECDE210C27AAF8810091AAF1 /* ScoreLabel.swift */ = {isa = PBXFileReference; lastKnownFileType = sourcecode.swift; path = ScoreLabel.swift; sourceTree = "<group>"; };
		ECDE210E27AB093E0091AAF1 /* EggShellLabel.swift */ = {isa = PBXFileReference; lastKnownFileType = sourcecode.swift; path = EggShellLabel.swift; sourceTree = "<group>"; };
		ECDE211027AB0EFD0091AAF1 /* MenuLabel.swift */ = {isa = PBXFileReference; lastKnownFileType = sourcecode.swift; path = MenuLabel.swift; sourceTree = "<group>"; };
		ECF2CB4A27B59D64006F6439 /* HapticManager.swift */ = {isa = PBXFileReference; lastKnownFileType = sourcecode.swift; path = HapticManager.swift; sourceTree = "<group>"; };
/* End PBXFileReference section */

/* Begin PBXFrameworksBuildPhase section */
		5BBCD6C527A3328300A743A7 /* Frameworks */ = {
			isa = PBXFrameworksBuildPhase;
			buildActionMask = 2147483647;
			files = (
				5B3BD6A027AC5B670061E4B6 /* GameKit.framework in Frameworks */,
			);
			runOnlyForDeploymentPostprocessing = 0;
		};
/* End PBXFrameworksBuildPhase section */

/* Begin PBXGroup section */
		5B18A4A527A493F3004A2CD0 /* Scenes */ = {
			isa = PBXGroup;
			children = (
				5B18A4A627A493FD004A2CD0 /* Game */,
			);
			path = Scenes;
			sourceTree = "<group>";
		};
		5B18A4A627A493FD004A2CD0 /* Game */ = {
			isa = PBXGroup;
			children = (
				ECDE210B27AAF85C0091AAF1 /* View */,
				5B18A4A727A49406004A2CD0 /* Model */,
				5B5CD62027AACD4700B74A7C /* View Model */,
				5BBCD6DB27A3336500A743A7 /* GameScene.swift */,
				5BBCD70527A3399300A743A7 /* GameScene.sks */,
			);
			path = Game;
			sourceTree = "<group>";
		};
		5B18A4A727A49406004A2CD0 /* Model */ = {
			isa = PBXGroup;
			children = (
				5B3DE53427A857AD00DB2743 /* Spawn */,
				5B18A49F27A452BC004A2CD0 /* Player.swift */,
				5B18A4A127A48929004A2CD0 /* Pan.swift */,
				5B18A4AA27A4A8DE004A2CD0 /* Background.swift */,
			);
			path = Model;
			sourceTree = "<group>";
		};
		5B3BD69927AC54F50061E4B6 /* Service */ = {
			isa = PBXGroup;
			children = (
				5B3BD6A427AC5BD30061E4B6 /* View */,
				5B3BD69B27AC55000061E4B6 /* View Model */,
				5B3BD69A27AC54FB0061E4B6 /* Model */,
				5B3BD6A127AC5BB20061E4B6 /* View Controller */,
			);
			path = Service;
			sourceTree = "<group>";
		};
		5B3BD69A27AC54FB0061E4B6 /* Model */ = {
			isa = PBXGroup;
			children = (
				5B3BD69C27AC550F0061E4B6 /* PlayerData.swift */,
				5B50323027B312D100E7E4F4 /* CosmeticsBank.swift */,
				5B50323227B32DE400E7E4F4 /* EggModel.swift */,
				5B50323427B32DFC00E7E4F4 /* PowerUpModel.swift */,
				5B50323627B32E0E00E7E4F4 /* BackgroundModel.swift */,
			);
			path = Model;
			sourceTree = "<group>";
		};
		5B3BD69B27AC55000061E4B6 /* View Model */ = {
			isa = PBXGroup;
			children = (
				5B5CD62627AB24F400B74A7C /* UserDefaultsWrapper.swift */,
			);
			path = "View Model";
			sourceTree = "<group>";
		};
		5B3BD69E27AC5B670061E4B6 /* Frameworks */ = {
			isa = PBXGroup;
			children = (
				5B3BD69F27AC5B670061E4B6 /* GameKit.framework */,
			);
			name = Frameworks;
			sourceTree = "<group>";
		};
		5B3BD6A127AC5BB20061E4B6 /* View Controller */ = {
			isa = PBXGroup;
			children = (
				5B3BD6A227AC5BC70061E4B6 /* LeaderboardViewController.swift */,
			);
			path = "View Controller";
			sourceTree = "<group>";
		};
		5B3BD6A427AC5BD30061E4B6 /* View */ = {
			isa = PBXGroup;
			children = (
				5B3BD6A527AC5C390061E4B6 /* LeaderboardView.swift */,
			);
			path = View;
			sourceTree = "<group>";
		};
		5B3DE53427A857AD00DB2743 /* Spawn */ = {
			isa = PBXGroup;
			children = (
				5B18A4A327A48984004A2CD0 /* Spawner.swift */,
			);
			path = Spawn;
			sourceTree = "<group>";
		};
		5B50322B27B30C9E00E7E4F4 /* Extensions */ = {
			isa = PBXGroup;
			children = (
				5B50322C27B30CB300E7E4F4 /* RoundedCornerModifier.swift */,
			);
			path = Extensions;
			sourceTree = "<group>";
		};
		5B5CD62027AACD4700B74A7C /* View Model */ = {
			isa = PBXGroup;
			children = (
				5B5CD62127AACD7600B74A7C /* GameManager.swift */,
				5B50323827B411E200E7E4F4 /* ShopManager.swift */,
				EC5F699927B439B5001BC98C /* SoundManager.swift */,
				ECF2CB4A27B59D64006F6439 /* HapticManager.swift */,
				EC5F699B27B4483C001BC98C /* Sounds */,
			);
			path = "View Model";
			sourceTree = "<group>";
		};
		5BBCD6BF27A3328300A743A7 = {
			isa = PBXGroup;
			children = (
				5BBCD6CA27A3328300A743A7 /* Slap the egg */,
				5BBCD6C927A3328300A743A7 /* Products */,
				5B3BD69E27AC5B670061E4B6 /* Frameworks */,
			);
			sourceTree = "<group>";
		};
		5BBCD6C927A3328300A743A7 /* Products */ = {
			isa = PBXGroup;
			children = (
				5BBCD6C827A3328300A743A7 /* Slap the egg.app */,
			);
			name = Products;
			sourceTree = "<group>";
		};
		5BBCD6CA27A3328300A743A7 /* Slap the egg */ = {
			isa = PBXGroup;
			children = (
				5B50322B27B30C9E00E7E4F4 /* Extensions */,
				5B18A4A527A493F3004A2CD0 /* Scenes */,
				5B3BD69927AC54F50061E4B6 /* Service */,
				5BEC960527A9D1F800B9CEDF /* Bangers-Regular.ttf */,
				5BEC960427A9D1CC00B9CEDF /* Slap-the-egg-Info.plist */,
				5BBCD6CB27A3328300A743A7 /* Slap_the_eggApp.swift */,
				5BBCD6CD27A3328300A743A7 /* ContentView.swift */,
				5BBCD6CF27A3328400A743A7 /* Assets.xcassets */,
				5BBCD6D127A3328400A743A7 /* Preview Content */,
			);
			path = "Slap the egg";
			sourceTree = "<group>";
		};
		5BBCD6D127A3328400A743A7 /* Preview Content */ = {
			isa = PBXGroup;
			children = (
				5BBCD6D227A3328400A743A7 /* Preview Assets.xcassets */,
			);
			path = "Preview Content";
			sourceTree = "<group>";
		};
		EC5F699B27B4483C001BC98C /* Sounds */ = {
			isa = PBXGroup;
			children = (
				EC5F69A427B58F03001BC98C /* frying.mp3 */,
				EC5F69A227B58EDC001BC98C /* eggCrush.mp3 */,
				EC5F699E27B5864D001BC98C /* faceSlap.mp3 */,
				EC5F69A027B58672001BC98C /* mouthPop.mp3 */,
			);
			path = Sounds;
			sourceTree = "<group>";
		};
		ECDE210B27AAF85C0091AAF1 /* View */ = {
			isa = PBXGroup;
			children = (
				ECDE210C27AAF8810091AAF1 /* ScoreLabel.swift */,
				ECDE210E27AB093E0091AAF1 /* EggShellLabel.swift */,
				ECDE211027AB0EFD0091AAF1 /* MenuLabel.swift */,
				5B3BD69727AC520A0061E4B6 /* ScoreReviewLabel.swift */,
				5B3BD6A727AC80710061E4B6 /* ShopView.swift */,
				5B3BD6A927AC80850061E4B6 /* SettingsView.swift */,
				5B50322727B3081200E7E4F4 /* BackgroundView.swift */,
				5B50322927B30C4100E7E4F4 /* ShopTabButton.swift */,
				5B50322E27B311F700E7E4F4 /* ShopEggCard.swift */,
				5B50323A27B420A100E7E4F4 /* BackgroundCard.swift */,
				5B50323D27B43B6C00E7E4F4 /* PowerUpCard.swift */,
			);
			path = View;
			sourceTree = "<group>";
		};
/* End PBXGroup section */

/* Begin PBXNativeTarget section */
		5BBCD6C727A3328300A743A7 /* Slap the egg */ = {
			isa = PBXNativeTarget;
			buildConfigurationList = 5BBCD6D627A3328400A743A7 /* Build configuration list for PBXNativeTarget "Slap the egg" */;
			buildPhases = (
				5BBCD6C427A3328300A743A7 /* Sources */,
				5BBCD6C527A3328300A743A7 /* Frameworks */,
				5BBCD6C627A3328300A743A7 /* Resources */,
			);
			buildRules = (
			);
			dependencies = (
			);
			name = "Slap the egg";
			productName = "Slap the egg";
			productReference = 5BBCD6C827A3328300A743A7 /* Slap the egg.app */;
			productType = "com.apple.product-type.application";
		};
/* End PBXNativeTarget section */

/* Begin PBXProject section */
		5BBCD6C027A3328300A743A7 /* Project object */ = {
			isa = PBXProject;
			attributes = {
				BuildIndependentTargetsInParallel = 1;
				LastSwiftUpdateCheck = 1300;
				LastUpgradeCheck = 1300;
				TargetAttributes = {
					5BBCD6C727A3328300A743A7 = {
						CreatedOnToolsVersion = 13.0;
					};
				};
			};
			buildConfigurationList = 5BBCD6C327A3328300A743A7 /* Build configuration list for PBXProject "Slap the egg" */;
			compatibilityVersion = "Xcode 13.0";
			developmentRegion = en;
			hasScannedForEncodings = 0;
			knownRegions = (
				en,
				Base,
			);
			mainGroup = 5BBCD6BF27A3328300A743A7;
			productRefGroup = 5BBCD6C927A3328300A743A7 /* Products */;
			projectDirPath = "";
			projectRoot = "";
			targets = (
				5BBCD6C727A3328300A743A7 /* Slap the egg */,
			);
		};
/* End PBXProject section */

/* Begin PBXResourcesBuildPhase section */
		5BBCD6C627A3328300A743A7 /* Resources */ = {
			isa = PBXResourcesBuildPhase;
			buildActionMask = 2147483647;
			files = (
				5BEC960627A9D1F800B9CEDF /* Bangers-Regular.ttf in Resources */,
				5BBCD6D327A3328400A743A7 /* Preview Assets.xcassets in Resources */,
				5BBCD70627A3399300A743A7 /* GameScene.sks in Resources */,
				5BBCD6D027A3328400A743A7 /* Assets.xcassets in Resources */,
				EC5F69A327B58EDC001BC98C /* eggCrush.mp3 in Resources */,
				EC5F69A127B58672001BC98C /* mouthPop.mp3 in Resources */,
				EC5F699F27B5864D001BC98C /* faceSlap.mp3 in Resources */,
				EC5F69A527B58F03001BC98C /* frying.mp3 in Resources */,
			);
			runOnlyForDeploymentPostprocessing = 0;
		};
/* End PBXResourcesBuildPhase section */

/* Begin PBXSourcesBuildPhase section */
		5BBCD6C427A3328300A743A7 /* Sources */ = {
			isa = PBXSourcesBuildPhase;
			buildActionMask = 2147483647;
			files = (
				5B3BD6A627AC5C390061E4B6 /* LeaderboardView.swift in Sources */,
				5B18A4A427A48984004A2CD0 /* Spawner.swift in Sources */,
				5B5CD62727AB24F400B74A7C /* UserDefaultsWrapper.swift in Sources */,
				EC5F699A27B439B5001BC98C /* SoundManager.swift in Sources */,
				5B3BD6AA27AC80850061E4B6 /* SettingsView.swift in Sources */,
				5B5CD62227AACD7600B74A7C /* GameManager.swift in Sources */,
				5B18A4AB27A4A8DE004A2CD0 /* Background.swift in Sources */,
				5B18A4A227A48929004A2CD0 /* Pan.swift in Sources */,
				5B3BD6A827AC80710061E4B6 /* ShopView.swift in Sources */,
				5B50323527B32DFC00E7E4F4 /* PowerUpModel.swift in Sources */,
				5B18A4A027A452BC004A2CD0 /* Player.swift in Sources */,
				ECDE210F27AB093E0091AAF1 /* EggShellLabel.swift in Sources */,
				5B50323727B32E0E00E7E4F4 /* BackgroundModel.swift in Sources */,
				5B50322D27B30CB300E7E4F4 /* RoundedCornerModifier.swift in Sources */,
				5B3BD6A327AC5BC70061E4B6 /* LeaderboardViewController.swift in Sources */,
				5B50322A27B30C4100E7E4F4 /* ShopTabButton.swift in Sources */,
				5B50323927B411E200E7E4F4 /* ShopManager.swift in Sources */,
				5B50322F27B311F700E7E4F4 /* ShopEggCard.swift in Sources */,
				5B50323B27B420A100E7E4F4 /* BackgroundCard.swift in Sources */,
				5BBCD6DC27A3336500A743A7 /* GameScene.swift in Sources */,
				5B50323327B32DE400E7E4F4 /* EggModel.swift in Sources */,
				5B3BD69D27AC550F0061E4B6 /* PlayerData.swift in Sources */,
				5BBCD6CE27A3328300A743A7 /* ContentView.swift in Sources */,
				5B50323127B312D100E7E4F4 /* CosmeticsBank.swift in Sources */,
				ECDE211127AB0EFD0091AAF1 /* MenuLabel.swift in Sources */,
				ECDE210D27AAF8810091AAF1 /* ScoreLabel.swift in Sources */,
				5B50323E27B43B6C00E7E4F4 /* PowerUpCard.swift in Sources */,
				5BBCD6CC27A3328300A743A7 /* Slap_the_eggApp.swift in Sources */,
				5B50322827B3081200E7E4F4 /* BackgroundView.swift in Sources */,
				ECF2CB4B27B59D64006F6439 /* HapticManager.swift in Sources */,
				5B3BD69827AC520A0061E4B6 /* ScoreReviewLabel.swift in Sources */,
			);
			runOnlyForDeploymentPostprocessing = 0;
		};
/* End PBXSourcesBuildPhase section */

/* Begin XCBuildConfiguration section */
		5BBCD6D427A3328400A743A7 /* Debug */ = {
			isa = XCBuildConfiguration;
			buildSettings = {
				ALWAYS_SEARCH_USER_PATHS = NO;
				CLANG_ANALYZER_NONNULL = YES;
				CLANG_ANALYZER_NUMBER_OBJECT_CONVERSION = YES_AGGRESSIVE;
				CLANG_CXX_LANGUAGE_STANDARD = "gnu++17";
				CLANG_CXX_LIBRARY = "libc++";
				CLANG_ENABLE_MODULES = YES;
				CLANG_ENABLE_OBJC_ARC = YES;
				CLANG_ENABLE_OBJC_WEAK = YES;
				CLANG_WARN_BLOCK_CAPTURE_AUTORELEASING = YES;
				CLANG_WARN_BOOL_CONVERSION = YES;
				CLANG_WARN_COMMA = YES;
				CLANG_WARN_CONSTANT_CONVERSION = YES;
				CLANG_WARN_DEPRECATED_OBJC_IMPLEMENTATIONS = YES;
				CLANG_WARN_DIRECT_OBJC_ISA_USAGE = YES_ERROR;
				CLANG_WARN_DOCUMENTATION_COMMENTS = YES;
				CLANG_WARN_EMPTY_BODY = YES;
				CLANG_WARN_ENUM_CONVERSION = YES;
				CLANG_WARN_INFINITE_RECURSION = YES;
				CLANG_WARN_INT_CONVERSION = YES;
				CLANG_WARN_NON_LITERAL_NULL_CONVERSION = YES;
				CLANG_WARN_OBJC_IMPLICIT_RETAIN_SELF = YES;
				CLANG_WARN_OBJC_LITERAL_CONVERSION = YES;
				CLANG_WARN_OBJC_ROOT_CLASS = YES_ERROR;
				CLANG_WARN_QUOTED_INCLUDE_IN_FRAMEWORK_HEADER = YES;
				CLANG_WARN_RANGE_LOOP_ANALYSIS = YES;
				CLANG_WARN_STRICT_PROTOTYPES = YES;
				CLANG_WARN_SUSPICIOUS_MOVE = YES;
				CLANG_WARN_UNGUARDED_AVAILABILITY = YES_AGGRESSIVE;
				CLANG_WARN_UNREACHABLE_CODE = YES;
				CLANG_WARN__DUPLICATE_METHOD_MATCH = YES;
				COPY_PHASE_STRIP = NO;
				DEBUG_INFORMATION_FORMAT = dwarf;
				ENABLE_STRICT_OBJC_MSGSEND = YES;
				ENABLE_TESTABILITY = YES;
				GCC_C_LANGUAGE_STANDARD = gnu11;
				GCC_DYNAMIC_NO_PIC = NO;
				GCC_NO_COMMON_BLOCKS = YES;
				GCC_OPTIMIZATION_LEVEL = 0;
				GCC_PREPROCESSOR_DEFINITIONS = (
					"DEBUG=1",
					"$(inherited)",
				);
				GCC_WARN_64_TO_32_BIT_CONVERSION = YES;
				GCC_WARN_ABOUT_RETURN_TYPE = YES_ERROR;
				GCC_WARN_UNDECLARED_SELECTOR = YES;
				GCC_WARN_UNINITIALIZED_AUTOS = YES_AGGRESSIVE;
				GCC_WARN_UNUSED_FUNCTION = YES;
				GCC_WARN_UNUSED_VARIABLE = YES;
				IPHONEOS_DEPLOYMENT_TARGET = 15.0;
				MTL_ENABLE_DEBUG_INFO = INCLUDE_SOURCE;
				MTL_FAST_MATH = YES;
				ONLY_ACTIVE_ARCH = YES;
				SDKROOT = iphoneos;
				SWIFT_ACTIVE_COMPILATION_CONDITIONS = DEBUG;
				SWIFT_OPTIMIZATION_LEVEL = "-Onone";
			};
			name = Debug;
		};
		5BBCD6D527A3328400A743A7 /* Release */ = {
			isa = XCBuildConfiguration;
			buildSettings = {
				ALWAYS_SEARCH_USER_PATHS = NO;
				CLANG_ANALYZER_NONNULL = YES;
				CLANG_ANALYZER_NUMBER_OBJECT_CONVERSION = YES_AGGRESSIVE;
				CLANG_CXX_LANGUAGE_STANDARD = "gnu++17";
				CLANG_CXX_LIBRARY = "libc++";
				CLANG_ENABLE_MODULES = YES;
				CLANG_ENABLE_OBJC_ARC = YES;
				CLANG_ENABLE_OBJC_WEAK = YES;
				CLANG_WARN_BLOCK_CAPTURE_AUTORELEASING = YES;
				CLANG_WARN_BOOL_CONVERSION = YES;
				CLANG_WARN_COMMA = YES;
				CLANG_WARN_CONSTANT_CONVERSION = YES;
				CLANG_WARN_DEPRECATED_OBJC_IMPLEMENTATIONS = YES;
				CLANG_WARN_DIRECT_OBJC_ISA_USAGE = YES_ERROR;
				CLANG_WARN_DOCUMENTATION_COMMENTS = YES;
				CLANG_WARN_EMPTY_BODY = YES;
				CLANG_WARN_ENUM_CONVERSION = YES;
				CLANG_WARN_INFINITE_RECURSION = YES;
				CLANG_WARN_INT_CONVERSION = YES;
				CLANG_WARN_NON_LITERAL_NULL_CONVERSION = YES;
				CLANG_WARN_OBJC_IMPLICIT_RETAIN_SELF = YES;
				CLANG_WARN_OBJC_LITERAL_CONVERSION = YES;
				CLANG_WARN_OBJC_ROOT_CLASS = YES_ERROR;
				CLANG_WARN_QUOTED_INCLUDE_IN_FRAMEWORK_HEADER = YES;
				CLANG_WARN_RANGE_LOOP_ANALYSIS = YES;
				CLANG_WARN_STRICT_PROTOTYPES = YES;
				CLANG_WARN_SUSPICIOUS_MOVE = YES;
				CLANG_WARN_UNGUARDED_AVAILABILITY = YES_AGGRESSIVE;
				CLANG_WARN_UNREACHABLE_CODE = YES;
				CLANG_WARN__DUPLICATE_METHOD_MATCH = YES;
				COPY_PHASE_STRIP = NO;
				DEBUG_INFORMATION_FORMAT = "dwarf-with-dsym";
				ENABLE_NS_ASSERTIONS = NO;
				ENABLE_STRICT_OBJC_MSGSEND = YES;
				GCC_C_LANGUAGE_STANDARD = gnu11;
				GCC_NO_COMMON_BLOCKS = YES;
				GCC_WARN_64_TO_32_BIT_CONVERSION = YES;
				GCC_WARN_ABOUT_RETURN_TYPE = YES_ERROR;
				GCC_WARN_UNDECLARED_SELECTOR = YES;
				GCC_WARN_UNINITIALIZED_AUTOS = YES_AGGRESSIVE;
				GCC_WARN_UNUSED_FUNCTION = YES;
				GCC_WARN_UNUSED_VARIABLE = YES;
				IPHONEOS_DEPLOYMENT_TARGET = 15.0;
				MTL_ENABLE_DEBUG_INFO = NO;
				MTL_FAST_MATH = YES;
				SDKROOT = iphoneos;
				SWIFT_COMPILATION_MODE = wholemodule;
				SWIFT_OPTIMIZATION_LEVEL = "-O";
				VALIDATE_PRODUCT = YES;
			};
			name = Release;
		};
		5BBCD6D727A3328400A743A7 /* Debug */ = {
			isa = XCBuildConfiguration;
			buildSettings = {
				ASSETCATALOG_COMPILER_APPICON_NAME = AppIcon;
				ASSETCATALOG_COMPILER_GLOBAL_ACCENT_COLOR_NAME = AccentColor;
				CODE_SIGN_STYLE = Automatic;
				CURRENT_PROJECT_VERSION = 1;
				DEVELOPMENT_ASSET_PATHS = "\"Slap the egg/Preview Content\"";
				DEVELOPMENT_TEAM = P9DY7C7A5F;
				ENABLE_PREVIEWS = YES;
				GENERATE_INFOPLIST_FILE = YES;
				INFOPLIST_FILE = "Slap-the-egg-Info.plist";
				INFOPLIST_KEY_UIApplicationSceneManifest_Generation = YES;
				INFOPLIST_KEY_UIApplicationSupportsIndirectInputEvents = YES;
				INFOPLIST_KEY_UILaunchScreen_Generation = YES;
				INFOPLIST_KEY_UIRequiredDeviceCapabilities = gamekit;
				INFOPLIST_KEY_UISupportedInterfaceOrientations_iPad = "UIInterfaceOrientationPortrait UIInterfaceOrientationPortraitUpsideDown UIInterfaceOrientationLandscapeLeft UIInterfaceOrientationLandscapeRight";
				INFOPLIST_KEY_UISupportedInterfaceOrientations_iPhone = "UIInterfaceOrientationPortrait UIInterfaceOrientationLandscapeLeft UIInterfaceOrientationLandscapeRight";
				IPHONEOS_DEPLOYMENT_TARGET = 14.0;
				LD_RUNPATH_SEARCH_PATHS = (
					"$(inherited)",
					"@executable_path/Frameworks",
				);
				MARKETING_VERSION = 0.2;
				PRODUCT_BUNDLE_IDENTIFIER = "com.pessoal.Slap-the-egg";
				PRODUCT_NAME = "$(TARGET_NAME)";
				SWIFT_EMIT_LOC_STRINGS = YES;
				SWIFT_VERSION = 5.0;
				TARGETED_DEVICE_FAMILY = "1,2";
			};
			name = Debug;
		};
		5BBCD6D827A3328400A743A7 /* Release */ = {
			isa = XCBuildConfiguration;
			buildSettings = {
				ASSETCATALOG_COMPILER_APPICON_NAME = AppIcon;
				ASSETCATALOG_COMPILER_GLOBAL_ACCENT_COLOR_NAME = AccentColor;
				CODE_SIGN_STYLE = Automatic;
				CURRENT_PROJECT_VERSION = 1;
				DEVELOPMENT_ASSET_PATHS = "\"Slap the egg/Preview Content\"";
				DEVELOPMENT_TEAM = P9DY7C7A5F;
				ENABLE_PREVIEWS = YES;
				GENERATE_INFOPLIST_FILE = YES;
				INFOPLIST_FILE = "Slap-the-egg-Info.plist";
				INFOPLIST_KEY_UIApplicationSceneManifest_Generation = YES;
				INFOPLIST_KEY_UIApplicationSupportsIndirectInputEvents = YES;
				INFOPLIST_KEY_UILaunchScreen_Generation = YES;
				INFOPLIST_KEY_UIRequiredDeviceCapabilities = gamekit;
				INFOPLIST_KEY_UISupportedInterfaceOrientations_iPad = "UIInterfaceOrientationPortrait UIInterfaceOrientationPortraitUpsideDown UIInterfaceOrientationLandscapeLeft UIInterfaceOrientationLandscapeRight";
				INFOPLIST_KEY_UISupportedInterfaceOrientations_iPhone = "UIInterfaceOrientationPortrait UIInterfaceOrientationLandscapeLeft UIInterfaceOrientationLandscapeRight";
				IPHONEOS_DEPLOYMENT_TARGET = 14.0;
				LD_RUNPATH_SEARCH_PATHS = (
					"$(inherited)",
					"@executable_path/Frameworks",
				);
				MARKETING_VERSION = 0.2;
				PRODUCT_BUNDLE_IDENTIFIER = "com.pessoal.Slap-the-egg";
				PRODUCT_NAME = "$(TARGET_NAME)";
				SWIFT_EMIT_LOC_STRINGS = YES;
				SWIFT_VERSION = 5.0;
				TARGETED_DEVICE_FAMILY = "1,2";
			};
			name = Release;
		};
/* End XCBuildConfiguration section */

/* Begin XCConfigurationList section */
		5BBCD6C327A3328300A743A7 /* Build configuration list for PBXProject "Slap the egg" */ = {
			isa = XCConfigurationList;
			buildConfigurations = (
				5BBCD6D427A3328400A743A7 /* Debug */,
				5BBCD6D527A3328400A743A7 /* Release */,
			);
			defaultConfigurationIsVisible = 0;
			defaultConfigurationName = Release;
		};
		5BBCD6D627A3328400A743A7 /* Build configuration list for PBXNativeTarget "Slap the egg" */ = {
			isa = XCConfigurationList;
			buildConfigurations = (
				5BBCD6D727A3328400A743A7 /* Debug */,
				5BBCD6D827A3328400A743A7 /* Release */,
			);
			defaultConfigurationIsVisible = 0;
			defaultConfigurationName = Release;
		};
/* End XCConfigurationList section */
	};
	rootObject = 5BBCD6C027A3328300A743A7 /* Project object */;
}
